
Microsoft Visual Studio Solution File, Format Version 12.00
Project("{2150E333-8FDC-42A3-9474-1A3956D46DE8}") = "Common", "Common", "{B5AA765B-F560-4F59-81DB-06B6C4F100BD}"
EndProject
Project("{2150E333-8FDC-42A3-9474-1A3956D46DE8}") = "API", "API", "{36F1CE56-7EE1-4401-BF44-EE5F0A1412CB}"
EndProject
Project("{FAE04EC0-301F-11D3-BF4B-00C04F79EFBC}") = "DStudio.Common.Services", "Common\Services\DStudio.Common.Services.csproj", "{3B65D82E-339F-4674-BB85-CEA44B4106CB}"
EndProject
Project("{FAE04EC0-301F-11D3-BF4B-00C04F79EFBC}") = "DStudio.API", "API\Function\DStudio.API.csproj", "{EF32020B-798C-431F-964C-A37E9A02DEF0}"
EndProject
Project("{FAE04EC0-301F-11D3-BF4B-00C04F79EFBC}") = "DStudio.API.Data", "API\Data\DStudio.API.Data.csproj", "{29C98067-315E-4DF7-9366-121AD68E4466}"
EndProject
Project("{FAE04EC0-301F-11D3-BF4B-00C04F79EFBC}") = "DStudio.API.Services", "API\Services\DStudio.API.Services.csproj", "{CAAB9A92-FE10-4CDD-AF44-9FE42CF4DBBC}"
EndProject
Project("{2150E333-8FDC-42A3-9474-1A3956D46DE8}") = "Integrations", "Integrations", "{E7DB3F19-4B50-4210-B80F-AD9705DEC40A}"
EndProject
Project("{FAE04EC0-301F-11D3-BF4B-00C04F79EFBC}") = "DStudio.Integrations.CosmosDbClient", "Integrations\CosmosDbClient\DStudio.Integrations.CosmosDbClient.csproj", "{472B5F64-50A4-4B6A-B723-6044DBDA266F}"
EndProject
Global
	GlobalSection(SolutionConfigurationPlatforms) = preSolution
		Debug|Any CPU = Debug|Any CPU
		Release|Any CPU = Release|Any CPU
	EndGlobalSection
	GlobalSection(NestedProjects) = preSolution
		{3B65D82E-339F-4674-BB85-CEA44B4106CB} = {B5AA765B-F560-4F59-81DB-06B6C4F100BD}
		{EF32020B-798C-431F-964C-A37E9A02DEF0} = {36F1CE56-7EE1-4401-BF44-EE5F0A1412CB}
		{29C98067-315E-4DF7-9366-121AD68E4466} = {36F1CE56-7EE1-4401-BF44-EE5F0A1412CB}
		{CAAB9A92-FE10-4CDD-AF44-9FE42CF4DBBC} = {36F1CE56-7EE1-4401-BF44-EE5F0A1412CB}
		{472B5F64-50A4-4B6A-B723-6044DBDA266F} = {E7DB3F19-4B50-4210-B80F-AD9705DEC40A}
	EndGlobalSection
	GlobalSection(ProjectConfigurationPlatforms) = postSolution
		{3B65D82E-339F-4674-BB85-CEA44B4106CB}.Debug|Any CPU.ActiveCfg = Debug|Any CPU
		{3B65D82E-339F-4674-BB85-CEA44B4106CB}.Debug|Any CPU.Build.0 = Debug|Any CPU
		{3B65D82E-339F-4674-BB85-CEA44B4106CB}.Release|Any CPU.ActiveCfg = Release|Any CPU
		{3B65D82E-339F-4674-BB85-CEA44B4106CB}.Release|Any CPU.Build.0 = Release|Any CPU
		{EF32020B-798C-431F-964C-A37E9A02DEF0}.Debug|Any CPU.ActiveCfg = Debug|Any CPU
		{EF32020B-798C-431F-964C-A37E9A02DEF0}.Debug|Any CPU.Build.0 = Debug|Any CPU
		{EF32020B-798C-431F-964C-A37E9A02DEF0}.Release|Any CPU.ActiveCfg = Release|Any CPU
		{EF32020B-798C-431F-964C-A37E9A02DEF0}.Release|Any CPU.Build.0 = Release|Any CPU
		{29C98067-315E-4DF7-9366-121AD68E4466}.Debug|Any CPU.ActiveCfg = Debug|Any CPU
		{29C98067-315E-4DF7-9366-121AD68E4466}.Debug|Any CPU.Build.0 = Debug|Any CPU
		{29C98067-315E-4DF7-9366-121AD68E4466}.Release|Any CPU.ActiveCfg = Release|Any CPU
		{29C98067-315E-4DF7-9366-121AD68E4466}.Release|Any CPU.Build.0 = Release|Any CPU
		{CAAB9A92-FE10-4CDD-AF44-9FE42CF4DBBC}.Debug|Any CPU.ActiveCfg = Debug|Any CPU
		{CAAB9A92-FE10-4CDD-AF44-9FE42CF4DBBC}.Debug|Any CPU.Build.0 = Debug|Any CPU
		{CAAB9A92-FE10-4CDD-AF44-9FE42CF4DBBC}.Release|Any CPU.ActiveCfg = Release|Any CPU
		{CAAB9A92-FE10-4CDD-AF44-9FE42CF4DBBC}.Release|Any CPU.Build.0 = Release|Any CPU
		{472B5F64-50A4-4B6A-B723-6044DBDA266F}.Debug|Any CPU.ActiveCfg = Debug|Any CPU
		{472B5F64-50A4-4B6A-B723-6044DBDA266F}.Debug|Any CPU.Build.0 = Debug|Any CPU
		{472B5F64-50A4-4B6A-B723-6044DBDA266F}.Release|Any CPU.ActiveCfg = Release|Any CPU
		{472B5F64-50A4-4B6A-B723-6044DBDA266F}.Release|Any CPU.Build.0 = Release|Any CPU
	EndGlobalSection
EndGlobal
